<?xml version="1.0" encoding="utf-8"?>
<Project ToolsVersion="4.0" xmlns="http://schemas.microsoft.com/developer/msbuild/2003">
  <ItemGroup>
    <Filter Include="Исходные файлы">
      <UniqueIdentifier>{4FC737F1-C7A5-4376-A066-2A32D752A2FF}</UniqueIdentifier>
      <Extensions>cpp;c;cc;cxx;c++;cppm;ixx;def;odl;idl;hpj;bat;asm;asmx</Extensions>
    </Filter>
    <Filter Include="Файлы заголовков">
      <UniqueIdentifier>{93995380-89BD-4b04-88EB-625FBE52EBFB}</UniqueIdentifier>
      <Extensions>h;hh;hpp;hxx;h++;hm;inl;inc;ipp;xsd</Extensions>
    </Filter>
    <Filter Include="Файлы ресурсов">
      <UniqueIdentifier>{67DA6AB6-F800-4c08-8B7A-83BB121AAD01}</UniqueIdentifier>
      <Extensions>rc;ico;cur;bmp;dlg;rc2;rct;bin;rgs;gif;jpg;jpeg;jpe;resx;tiff;tif;png;wav;mfcribbon-ms</Extensions>
    </Filter>
    <Filter Include="Исходные файлы\Engine">
      <UniqueIdentifier>{a68ad1ef-4841-4736-b308-6b35d8df8936}</UniqueIdentifier>
    </Filter>
    <Filter Include="Исходные файлы\Engine\Window">
      <UniqueIdentifier>{bf3d820f-8ece-422e-8ebc-6e325d7a8381}</UniqueIdentifier>
    </Filter>
    <Filter Include="Файлы заголовков\Engine">
      <UniqueIdentifier>{92988340-ecbf-40d9-81e9-9945d9d771e8}</UniqueIdentifier>
    </Filter>
    <Filter Include="Файлы заголовков\Engine\Window">
      <UniqueIdentifier>{832c8278-8812-4f84-a081-362677d91804}</UniqueIdentifier>
    </Filter>
    <Filter Include="Исходные файлы\ThirdParty">
      <UniqueIdentifier>{ed5562dc-2f0c-4d8f-bd2d-53410f28b9e2}</UniqueIdentifier>
    </Filter>
    <Filter Include="Файлы заголовков\Engine\Renderer">
      <UniqueIdentifier>{9e7967c0-c1d9-45cf-901c-c85039f0af69}</UniqueIdentifier>
    </Filter>
    <Filter Include="Исходные файлы\Engine\Renderer">
      <UniqueIdentifier>{9fdf6736-54c0-4301-8717-94d82960dcbc}</UniqueIdentifier>
    </Filter>
    <Filter Include="Файлы заголовков\Engine\Buffers">
      <UniqueIdentifier>{3bba90c2-1f72-4a5c-a061-068f0371b1a8}</UniqueIdentifier>
    </Filter>
    <Filter Include="Исходные файлы\Engine\Buffers">
      <UniqueIdentifier>{8ac7686c-54df-46a2-8417-2f55907c19d4}</UniqueIdentifier>
    </Filter>
    <Filter Include="Исходные файлы\Engine\Core">
      <UniqueIdentifier>{07d2dd4a-4f12-4ac3-8ca7-afdc5362d186}</UniqueIdentifier>
    </Filter>
    <Filter Include="Файлы заголовков\Engine\Core">
      <UniqueIdentifier>{d0851504-c48d-4ed0-9f82-1e4dd348e885}</UniqueIdentifier>
    </Filter>
  </ItemGroup>
  <ItemGroup>
    <ClCompile Include="Main.cpp">
      <Filter>Исходные файлы</Filter>
    </ClCompile>
    <ClCompile Include="Window.cpp">
      <Filter>Исходные файлы\Engine\Window</Filter>
    </ClCompile>
    <ClCompile Include="C:\vcpkg\buildtrees\glad\x64-windows-rel\src\glad.c">
      <Filter>Исходные файлы\ThirdParty</Filter>
    </ClCompile>
    <ClCompile Include="Renderer.cpp">
      <Filter>Исходные файлы\Engine\Renderer</Filter>
    </ClCompile>
    <ClCompile Include="Shader.cpp">
      <Filter>Исходные файлы\Engine\Renderer</Filter>
    </ClCompile>
    <ClCompile Include="VertexArray.cpp">
      <Filter>Исходные файлы\Engine\Buffers</Filter>
    </ClCompile>
    <ClCompile Include="Mesh.cpp">
      <Filter>Исходные файлы\Engine\Renderer</Filter>
    </ClCompile>
    <ClCompile Include="input.cpp">
      <Filter>Исходные файлы\Engine\Window</Filter>
    </ClCompile>
    <ClCompile Include="Time.cpp">
      <Filter>Исходные файлы\Engine\Core</Filter>
    </ClCompile>
    <ClCompile Include="Texture.cpp">
      <Filter>Исходные файлы\Engine\Renderer</Filter>
    </ClCompile>
  </ItemGroup>
  <ItemGroup>
    <ClInclude Include="Window.h">
      <Filter>Файлы заголовков\Engine\Window</Filter>
    </ClInclude>
    <ClInclude Include="Renderer.h">
      <Filter>Файлы заголовков\Engine\Renderer</Filter>
    </ClInclude>
    <ClInclude Include="Shader.h">
      <Filter>Файлы заголовков\Engine\Renderer</Filter>
    </ClInclude>
    <ClInclude Include="VertexArray.h">
      <Filter>Файлы заголовков\Engine\Buffers</Filter>
    </ClInclude>
    <ClInclude Include="Mesh.h">
      <Filter>Файлы заголовков\Engine\Renderer</Filter>
    </ClInclude>
    <ClInclude Include="Input.h">
      <Filter>Файлы заголовков\Engine\Window</Filter>
    </ClInclude>
    <ClInclude Include="Time.h">
      <Filter>Файлы заголовков\Engine\Core</Filter>
    </ClInclude>
    <ClInclude Include="ThirdParty\stb_image.h">
      <Filter>Исходные файлы\ThirdParty</Filter>
    </ClInclude>
    <ClInclude Include="Texture.h">
      <Filter>Файлы заголовков\Engine\Renderer</Filter>
    </ClInclude>
  </ItemGroup>
  <ItemGroup>
    <Text Include="basic.vert" />
    <Text Include="basic.frag" />
  </ItemGroup>
</Project>